github.com/DATA-DOG/go-sqlmock v1.5.0 h1:Shsta01QNfFxHCfpW6YH2STWB0MudeXXEWMr20OEh60=
github.com/DATA-DOG/go-sqlmock v1.5.0/go.mod h1:f/Ixk793poVmq4qj/V1dPUg2JEAKC73Q5eFN3EC/SaM=
github.com/GuiaBolso/darwin v0.0.0-20191218124601-fd6d2aa3d244 h1:dqzm54OhCqY8RinR/cx+Ppb0y56Ds5I3wwWhx4XybDg=
github.com/GuiaBolso/darwin v0.0.0-20191218124601-fd6d2aa3d244/go.mod h1:3sqgkckuISJ5rs1EpOp6vCvwOUKe/z9vPmyuIlq8Q/A=
github.com/cznic/b v0.0.0-20181122101859-a26611c4d92d h1:SwD98825d6bdB+pEuTxWOXiSjBrHdOl/UVp75eI7JT8=
github.com/cznic/b v0.0.0-20181122101859-a26611c4d92d/go.mod h1:URriBxXwVq5ijiJ12C7iIZqlA69nTlI+LgI6/pwftG8=
github.com/cznic/fileutil v0.0.0-20181122101858-4d67cfea8c87 h1:94XgeeTZ+3Xi9zsdgBjP1Byx/wywCImjF8FzQ7OaKdU=
github.com/cznic/fileutil v0.0.0-20181122101858-4d67cfea8c87/go.mod h1:8S58EK26zhXSxzv7NQFpnliaOQsmDUxvoQO3rt154Vg=
github.com/cznic/golex v0.0.0-20181122101858-9c343928389c h1:G8zTsaqyVfIHpgMFcGgdbhHSFhlNc77rAKkhVbQ9kQg=
github.com/cznic/golex v0.0.0-20181122101858-9c343928389c/go.mod h1:+bmmJDNmKlhWNG+gwWCkaBoTy39Fs+bzRxVBzoTQbIc=
github.com/cznic/internal v0.0.0-20181122101858-3279554c546e h1:58AcyflCe84EONph4gkyo3eDOEQcW5HIPfQBrD76W68=
github.com/cznic/internal v0.0.0-20181122101858-3279554c546e/go.mod h1:olo7eAdKwJdXxb55TKGLiJ6xt1H0/tiiRCWKVLmtjY4=
github.com/cznic/lldb v1.1.0 h1:AIA+ham6TSJ+XkMe8imQ/g8KPzMUVWAwqUQQdtuMsHs=
github.com/cznic/lldb v1.1.0/go.mod h1:FIZVUmYUVhPwRiPzL8nD/mpFcJ/G7SSXjjXYG4uRI3A=
github.com/cznic/mathutil v0.0.0-20181122101859-297441e03548 h1:iwZdTE0PVqJCos1vaoKsclOGD3ADKpshg3SRtYBbwso=
github.com/cznic/mathutil v0.0.0-20181122101859-297441e03548/go.mod h1:e6NPNENfs9mPDVNRekM7lKScauxd5kXTr1Mfyig6TDM=
github.com/cznic/ql v1.2.0 h1:lcKp95ZtdF0XkWhGnVIXGF8dVD2X+ClS08tglKtf+ak=
github.com/cznic/ql v1.2.0/go.mod h1:FbpzhyZrqr0PVlK6ury+PoW3T0ODUV22OeWIxcaOrSE=
github.com/cznic/sortutil v0.0.0-20181122101858-f5f958428db8 h1:LpMLYGyy67BoAFGda1NeOBQwqlv7nUXpm+rIVHGxZZ4=
github.com/cznic/sortutil v0.0.0-20181122101858-f5f958428db8/go.mod h1:q2w6Bg5jeox1B+QkJ6Wp/+Vn0G/bo3f1uY7Fn3vivIQ=
github.com/cznic/strutil v0.0.0-20181122101858-275e90344537 h1:MZRmHqDBd0vxNwenEbKSQqRVT24d3C05ft8kduSwlqM=
github.com/cznic/strutil v0.0.0-20181122101858-275e90344537/go.mod h1:AHHPPPXTw0h6pVabbcbyGRK1DckRn7r/STdZEeIDzZc=
github.com/cznic/zappy v0.0.0-20181122101859-ca47d358d4b1 h1:ytLS5Cgkxq6jObotJ+a13nsejdqzLFPliDf8CQ8OkAA=
github.com/cznic/zappy v0.0.0-20181122101859-ca47d358d4b1/go.mod h1:Y1SNZ4dRUOKXshKUbwUapqNncRrho4mkjQebgEHZLj8=
github.com/davecgh/go-spew v1.1.1 h1:vj9j/u1bqnvCEfJOwUhtlOARqs3+rkHYY13jYWTU97c=
github.com/davecgh/go-spew v1.1.1/go.mod h1:J7Y8YcW2NihsgmVo/mv3lAwl/skON4iLHjSsI+c5H38=
github.com/diegoclair/sqlmigrator v1.0.1 h1:S2zz4BNbWOsGtAE5sDFI0qJ7GoXFvzuZ7w+g/yfpa6Q=
github.com/diegoclair/sqlmigrator v1.0.1/go.mod h1:0MyZh4Xfo+ByID7qgIG9m6hHO5D0g7l6V9k3c8iclkk=
github.com/edsrzf/mmap-go v1.2.0 h1:hXLYlkbaPzt1SaQk+anYwKSRNhufIDCchSPkUD6dD84=
github.com/edsrzf/mmap-go v1.2.0/go.mod h1:19H/e8pUPLicwkyNgOykDXkJ9F0MHE+Z52B8EIth78Q=
github.com/go-test/deep v1.1.1 h1:0r/53hagsehfO4bzD2Pgr/+RgHqhmf+k1Bpse2cTu1U=
github.com/go-test/deep v1.1.1/go.mod h1:5C2ZWiW0ErCdrYzpqxLbTX7MG14M9iiw8DgHncVwcsE=
github.com/gorilla/websocket v1.5.3 h1:saDtZ6Pbx/0u+bgYQ3q96pZgCzfhKXGPqt7kZ72aNNg=
github.com/gorilla/websocket v1.5.3/go.mod h1:YR8l580nyteQvAITg2hZ9XVh4b55+EU/adAjf1fMHhE=
github.com/joho/godotenv v1.5.1 h1:7eLL/+HRGLY0ldzfGMeQkb7vMd0as4CfYvUVzLqw0N0=
github.com/joho/godotenv v1.5.1/go.mod h1:f4LDr5Voq0i2e/R5DDNOoa2zzDfwtkZa6DnEwAbqwq4=
github.com/mattn/go-sqlite3 v1.14.28 h1:ThEiQrnbtumT+QMknw63Befp/ce/nUPgBPMlRFEum7A=
github.com/mattn/go-sqlite3 v1.14.28/go.mod h1:Uh1q+B4BYcTPb+yiD3kU8Ct7aC0hY9fxUwlHK0RXw+Y=
github.com/pmezard/go-difflib v1.0.0 h1:4DBwDE0NGyQoBHbLQYPwSUPoCMWR5BEzIk/f1lZbAQM=
github.com/pmezard/go-difflib v1.0.0/go.mod h1:iKH77koFhYxTK1pcRnkKkqfTogsbg7gZNVY4sRDYZ/4=
github.com/remyoudompheng/bigfft v0.0.0-20230129092748-24d4a6f8daec h1:W09IVJc94icq4NjY3clb7Lk8O1qJ8BdBEF8z0ibU0rE=
github.com/remyoudompheng/bigfft v0.0.0-20230129092748-24d4a6f8daec/go.mod h1:qqbHyh8v60DhA7CoWK5oRCqLrMHRGoxYCSS9EjAz6Eo=
github.com/slack-go/slack v0.17.3 h1:zV5qO3Q+WJAQ/XwbGfNFrRMaJ5T/naqaonyPV/1TP4g=
github.com/slack-go/slack v0.17.3/go.mod h1:X+UqOufi3LYQHDnMG1vxf0J8asC6+WllXrVrhl8/Prk=
github.com/stretchr/testify v1.10.0 h1:Xv5erBjTwe/5IxqUQTdXv5kgmIvbHo3QQyRwhJsOfJA=
github.com/stretchr/testify v1.10.0/go.mod h1:r2ic/lqez/lEtzL7wO/rwa5dbSLXVDPFyf8C91i36aY=
golang.org/x/sys v0.0.0-20211216021012-1d35b9e2eb4e h1:fLOSk5Q00efkSvAm+4xcoXD+RRmLmmulPn5I3Y9F2EM=
golang.org/x/sys v0.0.0-20211216021012-1d35b9e2eb4e/go.mod h1:oPkhp1MJrh7nUepCBck5+mAzfO9JrbApNNgaTdGDITg=
gopkg.in/yaml.v3 v3.0.1 h1:fxVm/GzAzEWqLHuvctI91KS9hhNmmWOoWu0XTYJS7CA=
gopkg.in/yaml.v3 v3.0.1/go.mod h1:K4uyk7z7BCEPqu6E+C64Yfv1cQ7kz7rIZviUmN+EgEM=
